
Microsoft Visual Studio Solution File, Format Version 12.00
# Visual Studio Version 17
VisualStudioVersion = 17.3.32929.385
MinimumVisualStudioVersion = 10.0.40219.1
Project("{FAE04EC0-301F-11D3-BF4B-00C04F79EFBC}") = "Aula02", "Aula02\Aula02.csproj", "{48C2BA85-EC26-4834-9832-3F7BE22B26BD}"
EndProject
Project("{FAE04EC0-301F-11D3-BF4B-00C04F79EFBC}") = "Aula02.Lb", "Aula02.Lb\Aula02.Lb.csproj", "{FEFD88F6-1441-4515-914F-D300B3159ED0}"
EndProject
Global
	GlobalSection(SolutionConfigurationPlatforms) = preSolution
		Debug|Any CPU = Debug|Any CPU
		Release|Any CPU = Release|Any CPU
	EndGlobalSection
	GlobalSection(ProjectConfigurationPlatforms) = postSolution
		{48C2BA85-EC26-4834-9832-3F7BE22B26BD}.Debug|Any CPU.ActiveCfg = Debug|Any CPU
		{48C2BA85-EC26-4834-9832-3F7BE22B26BD}.Debug|Any CPU.Build.0 = Debug|Any CPU
		{48C2BA85-EC26-4834-9832-3F7BE22B26BD}.Release|Any CPU.ActiveCfg = Release|Any CPU
		{48C2BA85-EC26-4834-9832-3F7BE22B26BD}.Release|Any CPU.Build.0 = Release|Any CPU
		{FEFD88F6-1441-4515-914F-D300B3159ED0}.Debug|Any CPU.ActiveCfg = Debug|Any CPU
		{FEFD88F6-1441-4515-914F-D300B3159ED0}.Debug|Any CPU.Build.0 = Debug|Any CPU
		{FEFD88F6-1441-4515-914F-D300B3159ED0}.Release|Any CPU.ActiveCfg = Release|Any CPU
		{FEFD88F6-1441-4515-914F-D300B3159ED0}.Release|Any CPU.Build.0 = Release|Any CPU
	EndGlobalSection
	GlobalSection(SolutionProperties) = preSolution
		HideSolutionNode = FALSE
	EndGlobalSection
	GlobalSection(ExtensibilityGlobals) = postSolution
		SolutionGuid = {93E22639-C9AE-4A5A-8650-E80A11A57CCA}
	EndGlobalSection
EndGlobal
